
Microsoft Visual Studio Solution File, Format Version 12.00
# Visual Studio Version 16
VisualStudioVersion = 16.0.29728.190
MinimumVisualStudioVersion = 10.0.40219.1
Project("{FAE04EC0-301F-11D3-BF4B-00C04F79EFBC}") = "pruebaAdmision", "pruebaAdmision\pruebaAdmision.csproj", "{78C1478B-10D2-403A-813E-49097F452F9B}"
EndProject
Global
	GlobalSection(SolutionConfigurationPlatforms) = preSolution
		Debug|Any CPU = Debug|Any CPU
		Release|Any CPU = Release|Any CPU
	EndGlobalSection
	GlobalSection(ProjectConfigurationPlatforms) = postSolution
		{78C1478B-10D2-403A-813E-49097F452F9B}.Debug|Any CPU.ActiveCfg = Debug|Any CPU
		{78C1478B-10D2-403A-813E-49097F452F9B}.Debug|Any CPU.Build.0 = Debug|Any CPU
		{78C1478B-10D2-403A-813E-49097F452F9B}.Release|Any CPU.ActiveCfg = Release|Any CPU
		{78C1478B-10D2-403A-813E-49097F452F9B}.Release|Any CPU.Build.0 = Release|Any CPU
	EndGlobalSection
	GlobalSection(SolutionProperties) = preSolution
		HideSolutionNode = FALSE
	EndGlobalSection
	GlobalSection(ExtensibilityGlobals) = postSolution
		SolutionGuid = {8403647C-44B9-4242-8583-15051522A321}
	EndGlobalSection
EndGlobal
